# THIS IS AN AUTOGENERATED FILE. DO NOT EDIT THIS FILE DIRECTLY.
# yarn lockfile v1


dotenv@^16.0.1:
  version "16.0.2"
  resolved "https://registry.yarnpkg.com/dotenv/-/dotenv-16.0.2.tgz#0b0f8652c016a3858ef795024508cddc4bffc5bf"
  integrity sha512-JvpYKUmzQhYoIFgK2MOnF3bciIZoItIIoryihy0rIA+H4Jy0FmgyKYAHCTN98P5ybGSJcIFbh6QKeJdtZd1qhA==

js-object-cache@^0.1.2:
  version "0.1.2"
  resolved "https://registry.yarnpkg.com/js-object-cache/-/js-object-cache-0.1.2.tgz#3165b2f57e069507aa6e0a08b4ecf179415af8b1"
  integrity sha512-JrrkEt3u3DG6EOFV2Gq3E2PHHTIFm8qp8wfHd6iKVuVA5tyXJ7jiY86z4tLsLubH0AdRon1VbMOcmWPxJVnTYg==

uWebSockets.js@uNetworking/uWebSockets.js#v20.10.0:
  version "20.10.0"
  resolved "https://codeload.github.com/uNetworking/uWebSockets.js/tar.gz/806df48c9da86af7b3341f3e443388c7cd15c3de"
